
Microsoft Visual Studio Solution File, Format Version 12.00
# Visual Studio Version 17
VisualStudioVersion = 17.5.2.0
MinimumVisualStudioVersion = 10.0.40219.1
Project("{FAE04EC0-301F-11D3-BF4B-00C04F79EFBC}") = "QueuesDemo", "QueuesDemo\QueuesDemo.csproj", "{3B0E4A2F-E280-2A82-E7E8-C57A82582400}"
EndProject
Project("{FAE04EC0-301F-11D3-BF4B-00C04F79EFBC}") = "FunctionDemo", "FunctionDemo\FunctionDemo.csproj", "{F45A0FD6-06E1-4C33-B980-721D90B248FE}"
EndProject
Global
	GlobalSection(SolutionConfigurationPlatforms) = preSolution
		Debug|Any CPU = Debug|Any CPU
		Debug|x64 = Debug|x64
		Debug|x86 = Debug|x86
		Release|Any CPU = Release|Any CPU
		Release|x64 = Release|x64
		Release|x86 = Release|x86
	EndGlobalSection
	GlobalSection(ProjectConfigurationPlatforms) = postSolution
		{3B0E4A2F-E280-2A82-E7E8-C57A82582400}.Debug|Any CPU.ActiveCfg = Debug|Any CPU
		{3B0E4A2F-E280-2A82-E7E8-C57A82582400}.Debug|Any CPU.Build.0 = Debug|Any CPU
		{3B0E4A2F-E280-2A82-E7E8-C57A82582400}.Debug|x64.ActiveCfg = Debug|Any CPU
		{3B0E4A2F-E280-2A82-E7E8-C57A82582400}.Debug|x64.Build.0 = Debug|Any CPU
		{3B0E4A2F-E280-2A82-E7E8-C57A82582400}.Debug|x86.ActiveCfg = Debug|Any CPU
		{3B0E4A2F-E280-2A82-E7E8-C57A82582400}.Debug|x86.Build.0 = Debug|Any CPU
		{3B0E4A2F-E280-2A82-E7E8-C57A82582400}.Release|Any CPU.ActiveCfg = Release|Any CPU
		{3B0E4A2F-E280-2A82-E7E8-C57A82582400}.Release|Any CPU.Build.0 = Release|Any CPU
		{3B0E4A2F-E280-2A82-E7E8-C57A82582400}.Release|x64.ActiveCfg = Release|Any CPU
		{3B0E4A2F-E280-2A82-E7E8-C57A82582400}.Release|x64.Build.0 = Release|Any CPU
		{3B0E4A2F-E280-2A82-E7E8-C57A82582400}.Release|x86.ActiveCfg = Release|Any CPU
		{3B0E4A2F-E280-2A82-E7E8-C57A82582400}.Release|x86.Build.0 = Release|Any CPU
		{F45A0FD6-06E1-4C33-B980-721D90B248FE}.Debug|Any CPU.ActiveCfg = Debug|Any CPU
		{F45A0FD6-06E1-4C33-B980-721D90B248FE}.Debug|Any CPU.Build.0 = Debug|Any CPU
		{F45A0FD6-06E1-4C33-B980-721D90B248FE}.Debug|x64.ActiveCfg = Debug|Any CPU
		{F45A0FD6-06E1-4C33-B980-721D90B248FE}.Debug|x64.Build.0 = Debug|Any CPU
		{F45A0FD6-06E1-4C33-B980-721D90B248FE}.Debug|x86.ActiveCfg = Debug|Any CPU
		{F45A0FD6-06E1-4C33-B980-721D90B248FE}.Debug|x86.Build.0 = Debug|Any CPU
		{F45A0FD6-06E1-4C33-B980-721D90B248FE}.Release|Any CPU.ActiveCfg = Release|Any CPU
		{F45A0FD6-06E1-4C33-B980-721D90B248FE}.Release|Any CPU.Build.0 = Release|Any CPU
		{F45A0FD6-06E1-4C33-B980-721D90B248FE}.Release|x64.ActiveCfg = Release|Any CPU
		{F45A0FD6-06E1-4C33-B980-721D90B248FE}.Release|x64.Build.0 = Release|Any CPU
		{F45A0FD6-06E1-4C33-B980-721D90B248FE}.Release|x86.ActiveCfg = Release|Any CPU
		{F45A0FD6-06E1-4C33-B980-721D90B248FE}.Release|x86.Build.0 = Release|Any CPU
	EndGlobalSection
	GlobalSection(SolutionProperties) = preSolution
		HideSolutionNode = FALSE
	EndGlobalSection
	GlobalSection(ExtensibilityGlobals) = postSolution
		SolutionGuid = {C1E22467-1B8C-42DC-B411-E09530BBDB47}
	EndGlobalSection
EndGlobal
